
Microsoft Visual Studio Solution File, Format Version 12.00
# Visual Studio 14
VisualStudioVersion = 14.0.25420.1
MinimumVisualStudioVersion = 10.0.40219.1
Project("{FAE04EC0-301F-11D3-BF4B-00C04F79EFBC}") = "DDD.Sample.Domain", "DDD.Sample.Domain\DDD.Sample.Domain.csproj", "{64D6322E-23C6-4BF7-BFCD-2998B1132132}"
EndProject
Project("{2150E333-8FDC-42A3-9474-1A3956D46DE8}") = "src", "src", "{0057E8E5-65E7-486A-A674-22B551ED2FBB}"
EndProject
Project("{2150E333-8FDC-42A3-9474-1A3956D46DE8}") = "test", "test", "{F515A9E7-641F-4FD8-9D1E-952493912AE8}"
EndProject
Project("{FAE04EC0-301F-11D3-BF4B-00C04F79EFBC}") = "DDD.Sample.Repository", "DDD.Sample.Repository\DDD.Sample.Repository.csproj", "{3AF1C1BA-06C8-4E52-B275-C04CB0B08724}"
EndProject
Project("{FAE04EC0-301F-11D3-BF4B-00C04F79EFBC}") = "DDD.Sample.Application", "DDD.Sample.Application\DDD.Sample.Application.csproj", "{D84AE232-1504-4710-9D48-98316FDD4C0A}"
EndProject
Project("{FAE04EC0-301F-11D3-BF4B-00C04F79EFBC}") = "DDD.Sample.Tests", "DDD.Sample.Tests\DDD.Sample.Tests.csproj", "{D8F3D955-9D17-4F6B-8682-4EEDE020B8AE}"
EndProject
Project("{FAE04EC0-301F-11D3-BF4B-00C04F79EFBC}") = "DDD.Sample.Infrastructure", "DDD.Sample.Infrastructure\DDD.Sample.Infrastructure.csproj", "{7716595B-F7B2-4ABD-B288-869C2DAB8C05}"
EndProject
Project("{FAE04EC0-301F-11D3-BF4B-00C04F79EFBC}") = "DDD.Sample.Application.Interfaces", "DDD.Sample.Application.Interfaces\DDD.Sample.Application.Interfaces.csproj", "{E5BC45DC-DAB2-4CC6-89D7-C06BD4F2D198}"
EndProject
Project("{2150E333-8FDC-42A3-9474-1A3956D46DE8}") = "1-Presentation", "1-Presentation", "{E0572A0A-ADAE-4DCA-A306-E6E49FB9638E}"
EndProject
Project("{2150E333-8FDC-42A3-9474-1A3956D46DE8}") = "2-Application", "2-Application", "{2B40F83A-0C7A-423C-88E8-94FC2CCD5098}"
EndProject
Project("{2150E333-8FDC-42A3-9474-1A3956D46DE8}") = "3-Domain", "3-Domain", "{7E16EB40-C742-4874-AA70-79558BD567A8}"
EndProject
Project("{2150E333-8FDC-42A3-9474-1A3956D46DE8}") = "4-Infrastructure", "4-Infrastructure", "{DD9489EE-4839-4381-A7A3-C2472BB516A7}"
EndProject
Project("{FAE04EC0-301F-11D3-BF4B-00C04F79EFBC}") = "DDD.Sample.Web", "DDD.Sample.Web\DDD.Sample.Web.csproj", "{50B24EE3-A8B8-469B-8486-8AFA3852C590}"
EndProject
Project("{FAE04EC0-301F-11D3-BF4B-00C04F79EFBC}") = "DDD.Sample.Infrastructure.Interfaces", "DDD.Sample.Infrastructure.Interfaces\DDD.Sample.Infrastructure.Interfaces.csproj", "{309D06B6-47E1-4A62-A5D5-931B28D7FF98}"
EndProject
Project("{FAE04EC0-301F-11D3-BF4B-00C04F79EFBC}") = "DDD.Sample.Domain.Repository.Interfaces", "DDD.Sample.Domain.Repository.Interfaces\DDD.Sample.Domain.Repository.Interfaces.csproj", "{F1063BFF-5EEC-4D67-B758-7F45A498BB3C}"
EndProject
Project("{FAE04EC0-301F-11D3-BF4B-00C04F79EFBC}") = "DDD.Sample.Domain.ValueObjects", "DDD.Sample.Domain.ValueObjects\DDD.Sample.Domain.ValueObjects.csproj", "{035048CF-A3DE-4458-B6C4-BDBBC8076B4D}"
EndProject
Project("{FAE04EC0-301F-11D3-BF4B-00C04F79EFBC}") = "DDD.Sample.Domain.DomainEvents", "DDD.Sample.Domain.DomainEvents\DDD.Sample.Domain.DomainEvents.csproj", "{CBC5812A-035E-4DFA-A687-465185FF1421}"
EndProject
Project("{FAE04EC0-301F-11D3-BF4B-00C04F79EFBC}") = "DDD.Sample.Domain.DomainServices", "DDD.Sample.Domain.DomainServices\DDD.Sample.Domain.DomainServices.csproj", "{32976A10-F4A9-47E2-B6B4-76AC2E69179E}"
EndProject
Project("{FAE04EC0-301F-11D3-BF4B-00C04F79EFBC}") = "DDD.Sample.BootStrapper", "DDD.Sample.BootStrapper\DDD.Sample.BootStrapper.csproj", "{0CD10AD9-3532-450A-95ED-A3B992F2166B}"
EndProject
Global
	GlobalSection(SolutionConfigurationPlatforms) = preSolution
		Debug|Any CPU = Debug|Any CPU
		Release|Any CPU = Release|Any CPU
	EndGlobalSection
	GlobalSection(ProjectConfigurationPlatforms) = postSolution
		{64D6322E-23C6-4BF7-BFCD-2998B1132132}.Debug|Any CPU.ActiveCfg = Debug|Any CPU
		{64D6322E-23C6-4BF7-BFCD-2998B1132132}.Debug|Any CPU.Build.0 = Debug|Any CPU
		{64D6322E-23C6-4BF7-BFCD-2998B1132132}.Release|Any CPU.ActiveCfg = Release|Any CPU
		{64D6322E-23C6-4BF7-BFCD-2998B1132132}.Release|Any CPU.Build.0 = Release|Any CPU
		{3AF1C1BA-06C8-4E52-B275-C04CB0B08724}.Debug|Any CPU.ActiveCfg = Debug|Any CPU
		{3AF1C1BA-06C8-4E52-B275-C04CB0B08724}.Debug|Any CPU.Build.0 = Debug|Any CPU
		{3AF1C1BA-06C8-4E52-B275-C04CB0B08724}.Release|Any CPU.ActiveCfg = Release|Any CPU
		{3AF1C1BA-06C8-4E52-B275-C04CB0B08724}.Release|Any CPU.Build.0 = Release|Any CPU
		{D84AE232-1504-4710-9D48-98316FDD4C0A}.Debug|Any CPU.ActiveCfg = Debug|Any CPU
		{D84AE232-1504-4710-9D48-98316FDD4C0A}.Debug|Any CPU.Build.0 = Debug|Any CPU
		{D84AE232-1504-4710-9D48-98316FDD4C0A}.Release|Any CPU.ActiveCfg = Release|Any CPU
		{D84AE232-1504-4710-9D48-98316FDD4C0A}.Release|Any CPU.Build.0 = Release|Any CPU
		{D8F3D955-9D17-4F6B-8682-4EEDE020B8AE}.Debug|Any CPU.ActiveCfg = Debug|Any CPU
		{D8F3D955-9D17-4F6B-8682-4EEDE020B8AE}.Debug|Any CPU.Build.0 = Debug|Any CPU
		{D8F3D955-9D17-4F6B-8682-4EEDE020B8AE}.Release|Any CPU.ActiveCfg = Release|Any CPU
		{D8F3D955-9D17-4F6B-8682-4EEDE020B8AE}.Release|Any CPU.Build.0 = Release|Any CPU
		{7716595B-F7B2-4ABD-B288-869C2DAB8C05}.Debug|Any CPU.ActiveCfg = Debug|Any CPU
		{7716595B-F7B2-4ABD-B288-869C2DAB8C05}.Debug|Any CPU.Build.0 = Debug|Any CPU
		{7716595B-F7B2-4ABD-B288-869C2DAB8C05}.Release|Any CPU.ActiveCfg = Release|Any CPU
		{7716595B-F7B2-4ABD-B288-869C2DAB8C05}.Release|Any CPU.Build.0 = Release|Any CPU
		{E5BC45DC-DAB2-4CC6-89D7-C06BD4F2D198}.Debug|Any CPU.ActiveCfg = Debug|Any CPU
		{E5BC45DC-DAB2-4CC6-89D7-C06BD4F2D198}.Debug|Any CPU.Build.0 = Debug|Any CPU
		{E5BC45DC-DAB2-4CC6-89D7-C06BD4F2D198}.Release|Any CPU.ActiveCfg = Release|Any CPU
		{E5BC45DC-DAB2-4CC6-89D7-C06BD4F2D198}.Release|Any CPU.Build.0 = Release|Any CPU
		{50B24EE3-A8B8-469B-8486-8AFA3852C590}.Debug|Any CPU.ActiveCfg = Debug|Any CPU
		{50B24EE3-A8B8-469B-8486-8AFA3852C590}.Debug|Any CPU.Build.0 = Debug|Any CPU
		{50B24EE3-A8B8-469B-8486-8AFA3852C590}.Release|Any CPU.ActiveCfg = Release|Any CPU
		{50B24EE3-A8B8-469B-8486-8AFA3852C590}.Release|Any CPU.Build.0 = Release|Any CPU
		{309D06B6-47E1-4A62-A5D5-931B28D7FF98}.Debug|Any CPU.ActiveCfg = Debug|Any CPU
		{309D06B6-47E1-4A62-A5D5-931B28D7FF98}.Debug|Any CPU.Build.0 = Debug|Any CPU
		{309D06B6-47E1-4A62-A5D5-931B28D7FF98}.Release|Any CPU.ActiveCfg = Release|Any CPU
		{309D06B6-47E1-4A62-A5D5-931B28D7FF98}.Release|Any CPU.Build.0 = Release|Any CPU
		{F1063BFF-5EEC-4D67-B758-7F45A498BB3C}.Debug|Any CPU.ActiveCfg = Debug|Any CPU
		{F1063BFF-5EEC-4D67-B758-7F45A498BB3C}.Debug|Any CPU.Build.0 = Debug|Any CPU
		{F1063BFF-5EEC-4D67-B758-7F45A498BB3C}.Release|Any CPU.ActiveCfg = Release|Any CPU
		{F1063BFF-5EEC-4D67-B758-7F45A498BB3C}.Release|Any CPU.Build.0 = Release|Any CPU
		{035048CF-A3DE-4458-B6C4-BDBBC8076B4D}.Debug|Any CPU.ActiveCfg = Debug|Any CPU
		{035048CF-A3DE-4458-B6C4-BDBBC8076B4D}.Debug|Any CPU.Build.0 = Debug|Any CPU
		{035048CF-A3DE-4458-B6C4-BDBBC8076B4D}.Release|Any CPU.ActiveCfg = Release|Any CPU
		{035048CF-A3DE-4458-B6C4-BDBBC8076B4D}.Release|Any CPU.Build.0 = Release|Any CPU
		{CBC5812A-035E-4DFA-A687-465185FF1421}.Debug|Any CPU.ActiveCfg = Debug|Any CPU
		{CBC5812A-035E-4DFA-A687-465185FF1421}.Debug|Any CPU.Build.0 = Debug|Any CPU
		{CBC5812A-035E-4DFA-A687-465185FF1421}.Release|Any CPU.ActiveCfg = Release|Any CPU
		{CBC5812A-035E-4DFA-A687-465185FF1421}.Release|Any CPU.Build.0 = Release|Any CPU
		{32976A10-F4A9-47E2-B6B4-76AC2E69179E}.Debug|Any CPU.ActiveCfg = Debug|Any CPU
		{32976A10-F4A9-47E2-B6B4-76AC2E69179E}.Debug|Any CPU.Build.0 = Debug|Any CPU
		{32976A10-F4A9-47E2-B6B4-76AC2E69179E}.Release|Any CPU.ActiveCfg = Release|Any CPU
		{32976A10-F4A9-47E2-B6B4-76AC2E69179E}.Release|Any CPU.Build.0 = Release|Any CPU
		{0CD10AD9-3532-450A-95ED-A3B992F2166B}.Debug|Any CPU.ActiveCfg = Debug|Any CPU
		{0CD10AD9-3532-450A-95ED-A3B992F2166B}.Debug|Any CPU.Build.0 = Debug|Any CPU
		{0CD10AD9-3532-450A-95ED-A3B992F2166B}.Release|Any CPU.ActiveCfg = Release|Any CPU
		{0CD10AD9-3532-450A-95ED-A3B992F2166B}.Release|Any CPU.Build.0 = Release|Any CPU
	EndGlobalSection
	GlobalSection(SolutionProperties) = preSolution
		HideSolutionNode = FALSE
	EndGlobalSection
	GlobalSection(NestedProjects) = preSolution
		{64D6322E-23C6-4BF7-BFCD-2998B1132132} = {7E16EB40-C742-4874-AA70-79558BD567A8}
		{3AF1C1BA-06C8-4E52-B275-C04CB0B08724} = {DD9489EE-4839-4381-A7A3-C2472BB516A7}
		{D84AE232-1504-4710-9D48-98316FDD4C0A} = {2B40F83A-0C7A-423C-88E8-94FC2CCD5098}
		{D8F3D955-9D17-4F6B-8682-4EEDE020B8AE} = {F515A9E7-641F-4FD8-9D1E-952493912AE8}
		{7716595B-F7B2-4ABD-B288-869C2DAB8C05} = {DD9489EE-4839-4381-A7A3-C2472BB516A7}
		{E5BC45DC-DAB2-4CC6-89D7-C06BD4F2D198} = {2B40F83A-0C7A-423C-88E8-94FC2CCD5098}
		{E0572A0A-ADAE-4DCA-A306-E6E49FB9638E} = {0057E8E5-65E7-486A-A674-22B551ED2FBB}
		{2B40F83A-0C7A-423C-88E8-94FC2CCD5098} = {0057E8E5-65E7-486A-A674-22B551ED2FBB}
		{7E16EB40-C742-4874-AA70-79558BD567A8} = {0057E8E5-65E7-486A-A674-22B551ED2FBB}
		{DD9489EE-4839-4381-A7A3-C2472BB516A7} = {0057E8E5-65E7-486A-A674-22B551ED2FBB}
		{50B24EE3-A8B8-469B-8486-8AFA3852C590} = {E0572A0A-ADAE-4DCA-A306-E6E49FB9638E}
		{309D06B6-47E1-4A62-A5D5-931B28D7FF98} = {DD9489EE-4839-4381-A7A3-C2472BB516A7}
		{F1063BFF-5EEC-4D67-B758-7F45A498BB3C} = {7E16EB40-C742-4874-AA70-79558BD567A8}
		{035048CF-A3DE-4458-B6C4-BDBBC8076B4D} = {7E16EB40-C742-4874-AA70-79558BD567A8}
		{CBC5812A-035E-4DFA-A687-465185FF1421} = {7E16EB40-C742-4874-AA70-79558BD567A8}
		{32976A10-F4A9-47E2-B6B4-76AC2E69179E} = {7E16EB40-C742-4874-AA70-79558BD567A8}
		{0CD10AD9-3532-450A-95ED-A3B992F2166B} = {DD9489EE-4839-4381-A7A3-C2472BB516A7}
	EndGlobalSection
EndGlobal
